// !$*UTF8*$!
{
	archiveVersion = 1;
	classes = {
	};
	objectVersion = 46;
	objects = {

/* Begin PBXBuildFile section */
		986DBE791F6E91F000F1659A /* AppDelegate.swift in Sources */ = {isa = PBXBuildFile; fileRef = 986DBE781F6E91F000F1659A /* AppDelegate.swift */; };
		986DBE7B1F6E91F000F1659A /* HomeBuffetController.swift in Sources */ = {isa = PBXBuildFile; fileRef = 986DBE7A1F6E91F000F1659A /* HomeBuffetController.swift */; };
		986DBE7E1F6E91F000F1659A /* Main.storyboard in Resources */ = {isa = PBXBuildFile; fileRef = 986DBE7C1F6E91F000F1659A /* Main.storyboard */; };
		986DBE801F6E91F000F1659A /* Assets.xcassets in Resources */ = {isa = PBXBuildFile; fileRef = 986DBE7F1F6E91F000F1659A /* Assets.xcassets */; };
		986DBE831F6E91F000F1659A /* LaunchScreen.storyboard in Resources */ = {isa = PBXBuildFile; fileRef = 986DBE811F6E91F000F1659A /* LaunchScreen.storyboard */; };
		986DBE8D1F6E99FF00F1659A /* BuffetCell.swift in Sources */ = {isa = PBXBuildFile; fileRef = 986DBE8C1F6E99FF00F1659A /* BuffetCell.swift */; };
		986DBE901F6E9AD100F1659A /* Dessert.swift in Sources */ = {isa = PBXBuildFile; fileRef = 986DBE8F1F6E9AD100F1659A /* Dessert.swift */; };
		986DBE921F6EA29600F1659A /* TableCell.swift in Sources */ = {isa = PBXBuildFile; fileRef = 986DBE911F6EA29600F1659A /* TableCell.swift */; };
/* End PBXBuildFile section */

/* Begin PBXFileReference section */
		986DBE751F6E91EF00F1659A /* BuffetMenus.app */ = {isa = PBXFileReference; explicitFileType = wrapper.application; includeInIndex = 0; path = BuffetMenus.app; sourceTree = BUILT_PRODUCTS_DIR; };
		986DBE781F6E91F000F1659A /* AppDelegate.swift */ = {isa = PBXFileReference; lastKnownFileType = sourcecode.swift; path = AppDelegate.swift; sourceTree = "<group>"; };
		986DBE7A1F6E91F000F1659A /* HomeBuffetController.swift */ = {isa = PBXFileReference; lastKnownFileType = sourcecode.swift; path = HomeBuffetController.swift; sourceTree = "<group>"; };
		986DBE7D1F6E91F000F1659A /* Base */ = {isa = PBXFileReference; lastKnownFileType = file.storyboard; name = Base; path = Base.lproj/Main.storyboard; sourceTree = "<group>"; };
		986DBE7F1F6E91F000F1659A /* Assets.xcassets */ = {isa = PBXFileReference; lastKnownFileType = folder.assetcatalog; path = Assets.xcassets; sourceTree = "<group>"; };
		986DBE821F6E91F000F1659A /* Base */ = {isa = PBXFileReference; lastKnownFileType = file.storyboard; name = Base; path = Base.lproj/LaunchScreen.storyboard; sourceTree = "<group>"; };
		986DBE841F6E91F000F1659A /* Info.plist */ = {isa = PBXFileReference; lastKnownFileType = text.plist.xml; path = Info.plist; sourceTree = "<group>"; };
		986DBE8C1F6E99FF00F1659A /* BuffetCell.swift */ = {isa = PBXFileReference; fileEncoding = 4; lastKnownFileType = sourcecode.swift; path = BuffetCell.swift; sourceTree = "<group>"; };
		986DBE8F1F6E9AD100F1659A /* Dessert.swift */ = {isa = PBXFileReference; fileEncoding = 4; lastKnownFileType = sourcecode.swift; path = Dessert.swift; sourceTree = "<group>"; };
		986DBE911F6EA29600F1659A /* TableCell.swift */ = {isa = PBXFileReference; fileEncoding = 4; lastKnownFileType = sourcecode.swift; path = TableCell.swift; sourceTree = "<group>"; };
/* End PBXFileReference section */

/* Begin PBXFrameworksBuildPhase section */
		986DBE721F6E91EF00F1659A /* Frameworks */ = {
			isa = PBXFrameworksBuildPhase;
			buildActionMask = 2147483647;
			files = (
			);
			runOnlyForDeploymentPostprocessing = 0;
		};
/* End PBXFrameworksBuildPhase section */

/* Begin PBXGroup section */
		986DBE6C1F6E91EF00F1659A = {
			isa = PBXGroup;
			children = (
				986DBE771F6E91EF00F1659A /* BuffetMenus */,
				986DBE761F6E91EF00F1659A /* Products */,
			);
			sourceTree = "<group>";
		};
		986DBE761F6E91EF00F1659A /* Products */ = {
			isa = PBXGroup;
			children = (
				986DBE751F6E91EF00F1659A /* BuffetMenus.app */,
			);
			name = Products;
			sourceTree = "<group>";
		};
		986DBE771F6E91EF00F1659A /* BuffetMenus */ = {
			isa = PBXGroup;
			children = (
				986DBE781F6E91F000F1659A /* AppDelegate.swift */,
				986DBE8E1F6E9A3900F1659A /* Model */,
				986DBE8B1F6E998200F1659A /* View */,
				986DBE8A1F6E997400F1659A /* Controller */,
				986DBE7F1F6E91F000F1659A /* Assets.xcassets */,
				986DBE811F6E91F000F1659A /* LaunchScreen.storyboard */,
				986DBE841F6E91F000F1659A /* Info.plist */,
			);
			path = BuffetMenus;
			sourceTree = "<group>";
		};
		986DBE8A1F6E997400F1659A /* Controller */ = {
			isa = PBXGroup;
			children = (
				986DBE7A1F6E91F000F1659A /* HomeBuffetController.swift */,
			);
			name = Controller;
			sourceTree = "<group>";
		};
		986DBE8B1F6E998200F1659A /* View */ = {
			isa = PBXGroup;
			children = (
				986DBE911F6EA29600F1659A /* TableCell.swift */,
				986DBE8C1F6E99FF00F1659A /* BuffetCell.swift */,
				986DBE7C1F6E91F000F1659A /* Main.storyboard */,
			);
			name = View;
			sourceTree = "<group>";
		};
		986DBE8E1F6E9A3900F1659A /* Model */ = {
			isa = PBXGroup;
			children = (
				986DBE8F1F6E9AD100F1659A /* Dessert.swift */,
			);
			name = Model;
			sourceTree = "<group>";
		};
/* End PBXGroup section */

/* Begin PBXNativeTarget section */
		986DBE741F6E91EF00F1659A /* BuffetMenus */ = {
			isa = PBXNativeTarget;
			buildConfigurationList = 986DBE871F6E91F000F1659A /* Build configuration list for PBXNativeTarget "BuffetMenus" */;
			buildPhases = (
				986DBE711F6E91EF00F1659A /* Sources */,
				986DBE721F6E91EF00F1659A /* Frameworks */,
				986DBE731F6E91EF00F1659A /* Resources */,
			);
			buildRules = (
			);
			dependencies = (
			);
			name = BuffetMenus;
			productName = BuffetMenus;
			productReference = 986DBE751F6E91EF00F1659A /* BuffetMenus.app */;
			productType = "com.apple.product-type.application";
		};
/* End PBXNativeTarget section */

/* Begin PBXProject section */
		986DBE6D1F6E91EF00F1659A /* Project object */ = {
			isa = PBXProject;
			attributes = {
				LastSwiftUpdateCheck = 0830;
				LastUpgradeCheck = 0830;
				ORGANIZATIONNAME = vignesh;
				TargetAttributes = {
					986DBE741F6E91EF00F1659A = {
						CreatedOnToolsVersion = 8.3.3;
						DevelopmentTeam = 86AUKQE398;
						ProvisioningStyle = Automatic;
					};
				};
			};
			buildConfigurationList = 986DBE701F6E91EF00F1659A /* Build configuration list for PBXProject "BuffetMenus" */;
			compatibilityVersion = "Xcode 3.2";
			developmentRegion = English;
			hasScannedForEncodings = 0;
			knownRegions = (
				en,
				Base,
			);
			mainGroup = 986DBE6C1F6E91EF00F1659A;
			productRefGroup = 986DBE761F6E91EF00F1659A /* Products */;
			projectDirPath = "";
			projectRoot = "";
			targets = (
				986DBE741F6E91EF00F1659A /* BuffetMenus */,
			);
		};
/* End PBXProject section */

/* Begin PBXResourcesBuildPhase section */
		986DBE731F6E91EF00F1659A /* Resources */ = {
			isa = PBXResourcesBuildPhase;
			buildActionMask = 2147483647;
			files = (
				986DBE831F6E91F000F1659A /* LaunchScreen.storyboard in Resources */,
				986DBE801F6E91F000F1659A /* Assets.xcassets in Resources */,
				986DBE7E1F6E91F000F1659A /* Main.storyboard in Resources */,
			);
			runOnlyForDeploymentPostprocessing = 0;
		};
/* End PBXResourcesBuildPhase section */

/* Begin PBXSourcesBuildPhase section */
		986DBE711F6E91EF00F1659A /* Sources */ = {
			isa = PBXSourcesBuildPhase;
			buildActionMask = 2147483647;
			files = (
				986DBE921F6EA29600F1659A /* TableCell.swift in Sources */,
				986DBE7B1F6E91F000F1659A /* HomeBuffetController.swift in Sources */,
				986DBE8D1F6E99FF00F1659A /* BuffetCell.swift in Sources */,
				986DBE901F6E9AD100F1659A /* Dessert.swift in Sources */,
				986DBE791F6E91F000F1659A /* AppDelegate.swift in Sources */,
			);
			runOnlyForDeploymentPostprocessing = 0;
		};
/* End PBXSourcesBuildPhase section */

/* Begin PBXVariantGroup section */
		986DBE7C1F6E91F000F1659A /* Main.storyboard */ = {
			isa = PBXVariantGroup;
			children = (
				986DBE7D1F6E91F000F1659A /* Base */,
			);
			name = Main.storyboard;
			sourceTree = "<group>";
		};
		986DBE811F6E91F000F1659A /* LaunchScreen.storyboard */ = {
			isa = PBXVariantGroup;
			children = (
				986DBE821F6E91F000F1659A /* Base */,
			);
			name = LaunchScreen.storyboard;
			sourceTree = "<group>";
		};
/* End PBXVariantGroup section */

/* Begin XCBuildConfiguration section */
		986DBE851F6E91F000F1659A /* Debug */ = {
			isa = XCBuildConfiguration;
			buildSettings = {
				ALWAYS_SEARCH_USER_PATHS = NO;
				CLANG_ANALYZER_NONNULL = YES;
				CLANG_ANALYZER_NUMBER_OBJECT_CONVERSION = YES_AGGRESSIVE;
				CLANG_CXX_LANGUAGE_STANDARD = "gnu++0x";
				CLANG_CXX_LIBRARY = "libc++";
				CLANG_ENABLE_MODULES = YES;
				CLANG_ENABLE_OBJC_ARC = YES;
				CLANG_WARN_BOOL_CONVERSION = YES;
				CLANG_WARN_CONSTANT_CONVERSION = YES;
				CLANG_WARN_DIRECT_OBJC_ISA_USAGE = YES_ERROR;
				CLANG_WARN_DOCUMENTATION_COMMENTS = YES;
				CLANG_WARN_EMPTY_BODY = YES;
				CLANG_WARN_ENUM_CONVERSION = YES;
				CLANG_WARN_INFINITE_RECURSION = YES;
				CLANG_WARN_INT_CONVERSION = YES;
				CLANG_WARN_OBJC_ROOT_CLASS = YES_ERROR;
				CLANG_WARN_SUSPICIOUS_MOVE = YES;
				CLANG_WARN_UNREACHABLE_CODE = YES;
				CLANG_WARN__DUPLICATE_METHOD_MATCH = YES;
				"CODE_SIGN_IDENTITY[sdk=iphoneos*]" = "iPhone Developer";
				COPY_PHASE_STRIP = NO;
				DEBUG_INFORMATION_FORMAT = dwarf;
				ENABLE_STRICT_OBJC_MSGSEND = YES;
				ENABLE_TESTABILITY = YES;
				GCC_C_LANGUAGE_STANDARD = gnu99;
				GCC_DYNAMIC_NO_PIC = NO;
				GCC_NO_COMMON_BLOCKS = YES;
				GCC_OPTIMIZATION_LEVEL = 0;
				GCC_PREPROCESSOR_DEFINITIONS = (
					"DEBUG=1",
					"$(inherited)",
				);
				GCC_WARN_64_TO_32_BIT_CONVERSION = YES;
				GCC_WARN_ABOUT_RETURN_TYPE = YES_ERROR;
				GCC_WARN_UNDECLARED_SELECTOR = YES;
				GCC_WARN_UNINITIALIZED_AUTOS = YES_AGGRESSIVE;
				GCC_WARN_UNUSED_FUNCTION = YES;
				GCC_WARN_UNUSED_VARIABLE = YES;
				IPHONEOS_DEPLOYMENT_TARGET = 10.3;
				MTL_ENABLE_DEBUG_INFO = YES;
				ONLY_ACTIVE_ARCH = YES;
				SDKROOT = iphoneos;
				SWIFT_ACTIVE_COMPILATION_CONDITIONS = DEBUG;
				SWIFT_OPTIMIZATION_LEVEL = "-Onone";
				TARGETED_DEVICE_FAMILY = "1,2";
			};
			name = Debug;
		};
		986DBE861F6E91F000F1659A /* Release */ = {
			isa = XCBuildConfiguration;
			buildSettings = {
				ALWAYS_SEARCH_USER_PATHS = NO;
				CLANG_ANALYZER_NONNULL = YES;
				CLANG_ANALYZER_NUMBER_OBJECT_CONVERSION = YES_AGGRESSIVE;
				CLANG_CXX_LANGUAGE_STANDARD = "gnu++0x";
				CLANG_CXX_LIBRARY = "libc++";
				CLANG_ENABLE_MODULES = YES;
				CLANG_ENABLE_OBJC_ARC = YES;
				CLANG_WARN_BOOL_CONVERSION = YES;
				CLANG_WARN_CONSTANT_CONVERSION = YES;
				CLANG_WARN_DIRECT_OBJC_ISA_USAGE = YES_ERROR;
				CLANG_WARN_DOCUMENTATION_COMMENTS = YES;
				CLANG_WARN_EMPTY_BODY = YES;
				CLANG_WARN_ENUM_CONVERSION = YES;
				CLANG_WARN_INFINITE_RECURSION = YES;
				CLANG_WARN_INT_CONVERSION = YES;
				CLANG_WARN_OBJC_ROOT_CLASS = YES_ERROR;
				CLANG_WARN_SUSPICIOUS_MOVE = YES;
				CLANG_WARN_UNREACHABLE_CODE = YES;
				CLANG_WARN__DUPLICATE_METHOD_MATCH = YES;
				"CODE_SIGN_IDENTITY[sdk=iphoneos*]" = "iPhone Developer";
				COPY_PHASE_STRIP = NO;
				DEBUG_INFORMATION_FORMAT = "dwarf-with-dsym";
				ENABLE_NS_ASSERTIONS = NO;
				ENABLE_STRICT_OBJC_MSGSEND = YES;
				GCC_C_LANGUAGE_STANDARD = gnu99;
				GCC_NO_COMMON_BLOCKS = YES;
				GCC_WARN_64_TO_32_BIT_CONVERSION = YES;
				GCC_WARN_ABOUT_RETURN_TYPE = YES_ERROR;
				GCC_WARN_UNDECLARED_SELECTOR = YES;
				GCC_WARN_UNINITIALIZED_AUTOS = YES_AGGRESSIVE;
				GCC_WARN_UNUSED_FUNCTION = YES;
				GCC_WARN_UNUSED_VARIABLE = YES;
				IPHONEOS_DEPLOYMENT_TARGET = 10.3;
				MTL_ENABLE_DEBUG_INFO = NO;
				SDKROOT = iphoneos;
				SWIFT_OPTIMIZATION_LEVEL = "-Owholemodule";
				TARGETED_DEVICE_FAMILY = "1,2";
				VALIDATE_PRODUCT = YES;
			};
			name = Release;
		};
		986DBE881F6E91F000F1659A /* Debug */ = {
			isa = XCBuildConfiguration;
			buildSettings = {
				ASSETCATALOG_COMPILER_APPICON_NAME = AppIcon;
				DEVELOPMENT_TEAM = 86AUKQE398;
				INFOPLIST_FILE = BuffetMenus/Info.plist;
				LD_RUNPATH_SEARCH_PATHS = "$(inherited) @executable_path/Frameworks";
				PRODUCT_BUNDLE_IDENTIFIER = vicky.BuffetMenus;
				PRODUCT_NAME = "$(TARGET_NAME)";
				SWIFT_VERSION = 3.0;
			};
			name = Debug;
		};
		986DBE891F6E91F000F1659A /* Release */ = {
			isa = XCBuildConfiguration;
			buildSettings = {
				ASSETCATALOG_COMPILER_APPICON_NAME = AppIcon;
				DEVELOPMENT_TEAM = 86AUKQE398;
				INFOPLIST_FILE = BuffetMenus/Info.plist;
				LD_RUNPATH_SEARCH_PATHS = "$(inherited) @executable_path/Frameworks";
				PRODUCT_BUNDLE_IDENTIFIER = vicky.BuffetMenus;
				PRODUCT_NAME = "$(TARGET_NAME)";
				SWIFT_VERSION = 3.0;
			};
			name = Release;
		};
/* End XCBuildConfiguration section */

/* Begin XCConfigurationList section */
		986DBE701F6E91EF00F1659A /* Build configuration list for PBXProject "BuffetMenus" */ = {
			isa = XCConfigurationList;
			buildConfigurations = (
				986DBE851F6E91F000F1659A /* Debug */,
				986DBE861F6E91F000F1659A /* Release */,
			);
			defaultConfigurationIsVisible = 0;
			defaultConfigurationName = Release;
		};
		986DBE871F6E91F000F1659A /* Build configuration list for PBXNativeTarget "BuffetMenus" */ = {
			isa = XCConfigurationList;
			buildConfigurations = (
				986DBE881F6E91F000F1659A /* Debug */,
				986DBE891F6E91F000F1659A /* Release */,
			);
			defaultConfigurationIsVisible = 0;
		};
/* End XCConfigurationList section */
	};
	rootObject = 986DBE6D1F6E91EF00F1659A /* Project object */;
}
